
Microsoft Visual Studio Solution File, Format Version 12.00
# Visual Studio Version 16
VisualStudioVersion = 16.0.30114.105
MinimumVisualStudioVersion = 10.0.40219.1
Project("{FAE04EC0-301F-11D3-BF4B-00C04F79EFBC}") = "API", "API\API.csproj", "{544BD590-8F6F-4839-8064-6FEF66B40F3E}"
EndProject
Project("{FAE04EC0-301F-11D3-BF4B-00C04F79EFBC}") = "Core", "Core\Core.csproj", "{16C96350-7AA3-4E89-8913-A9E243731176}"
EndProject
Project("{FAE04EC0-301F-11D3-BF4B-00C04F79EFBC}") = "Infrastructure", "Infrastructure\Infrastructure.csproj", "{E2F36DC0-03D1-466E-B3D0-D5F704152A61}"
EndProject
Global
	GlobalSection(SolutionConfigurationPlatforms) = preSolution
		Debug|Any CPU = Debug|Any CPU
		Release|Any CPU = Release|Any CPU
	EndGlobalSection
	GlobalSection(SolutionProperties) = preSolution
		HideSolutionNode = FALSE
	EndGlobalSection
	GlobalSection(ProjectConfigurationPlatforms) = postSolution
		{544BD590-8F6F-4839-8064-6FEF66B40F3E}.Debug|Any CPU.ActiveCfg = Debug|Any CPU
		{544BD590-8F6F-4839-8064-6FEF66B40F3E}.Debug|Any CPU.Build.0 = Debug|Any CPU
		{544BD590-8F6F-4839-8064-6FEF66B40F3E}.Release|Any CPU.ActiveCfg = Release|Any CPU
		{544BD590-8F6F-4839-8064-6FEF66B40F3E}.Release|Any CPU.Build.0 = Release|Any CPU
		{16C96350-7AA3-4E89-8913-A9E243731176}.Debug|Any CPU.ActiveCfg = Debug|Any CPU
		{16C96350-7AA3-4E89-8913-A9E243731176}.Debug|Any CPU.Build.0 = Debug|Any CPU
		{16C96350-7AA3-4E89-8913-A9E243731176}.Release|Any CPU.ActiveCfg = Release|Any CPU
		{16C96350-7AA3-4E89-8913-A9E243731176}.Release|Any CPU.Build.0 = Release|Any CPU
		{E2F36DC0-03D1-466E-B3D0-D5F704152A61}.Debug|Any CPU.ActiveCfg = Debug|Any CPU
		{E2F36DC0-03D1-466E-B3D0-D5F704152A61}.Debug|Any CPU.Build.0 = Debug|Any CPU
		{E2F36DC0-03D1-466E-B3D0-D5F704152A61}.Release|Any CPU.ActiveCfg = Release|Any CPU
		{E2F36DC0-03D1-466E-B3D0-D5F704152A61}.Release|Any CPU.Build.0 = Release|Any CPU
	EndGlobalSection
EndGlobal
